
Microsoft Visual Studio Solution File, Format Version 12.00
# Visual Studio Version 17
VisualStudioVersion = 17.5.002.0
MinimumVisualStudioVersion = 10.0.40219.1
Project("{9A19103F-16F7-4668-BE54-9A1E7A4F7556}") = "projeto_ferias", "projeto_ferias.csproj", "{C61D79D9-DA43-4C2C-86F4-4930D21BD6DE}"
EndProject
Global
	GlobalSection(SolutionConfigurationPlatforms) = preSolution
		Debug|Any CPU = Debug|Any CPU
		Release|Any CPU = Release|Any CPU
	EndGlobalSection
	GlobalSection(ProjectConfigurationPlatforms) = postSolution
		{C61D79D9-DA43-4C2C-86F4-4930D21BD6DE}.Debug|Any CPU.ActiveCfg = Debug|Any CPU
		{C61D79D9-DA43-4C2C-86F4-4930D21BD6DE}.Debug|Any CPU.Build.0 = Debug|Any CPU
		{C61D79D9-DA43-4C2C-86F4-4930D21BD6DE}.Release|Any CPU.ActiveCfg = Release|Any CPU
		{C61D79D9-DA43-4C2C-86F4-4930D21BD6DE}.Release|Any CPU.Build.0 = Release|Any CPU
	EndGlobalSection
	GlobalSection(SolutionProperties) = preSolution
		HideSolutionNode = FALSE
	EndGlobalSection
	GlobalSection(ExtensibilityGlobals) = postSolution
		SolutionGuid = {700571E5-02F8-4F62-A5C2-547EF920A071}
	EndGlobalSection
EndGlobal
